
Microsoft Visual Studio Solution File, Format Version 12.00
# Visual Studio Version 17
VisualStudioVersion = 17.5.33502.453
MinimumVisualStudioVersion = 10.0.40219.1
Project("{FAE04EC0-301F-11D3-BF4B-00C04F79EFBC}") = "MongoDBDatabaseEdit", "MongoDBDatabaseEdit.csproj", "{3CBC241E-4183-40DD-A481-E52EB6C2CFFE}"
EndProject
Global
	GlobalSection(SolutionConfigurationPlatforms) = preSolution
		Debug|Any CPU = Debug|Any CPU
		Release|Any CPU = Release|Any CPU
	EndGlobalSection
	GlobalSection(ProjectConfigurationPlatforms) = postSolution
		{3CBC241E-4183-40DD-A481-E52EB6C2CFFE}.Debug|Any CPU.ActiveCfg = Debug|Any CPU
		{3CBC241E-4183-40DD-A481-E52EB6C2CFFE}.Debug|Any CPU.Build.0 = Debug|Any CPU
		{3CBC241E-4183-40DD-A481-E52EB6C2CFFE}.Release|Any CPU.ActiveCfg = Release|Any CPU
		{3CBC241E-4183-40DD-A481-E52EB6C2CFFE}.Release|Any CPU.Build.0 = Release|Any CPU
	EndGlobalSection
	GlobalSection(SolutionProperties) = preSolution
		HideSolutionNode = FALSE
	EndGlobalSection
	GlobalSection(ExtensibilityGlobals) = postSolution
		SolutionGuid = {2DBAE16A-7489-4EBB-A508-F1A11256705F}
	EndGlobalSection
EndGlobal
